
Microsoft Visual Studio Solution File, Format Version 12.00
Project("{FAE04EC0-301F-11D3-BF4B-00C04F79EFBC}") = "Nebula.Launcher", "Nebula.Launcher\Nebula.Launcher.csproj", "{D8F9728D-6153-4351-8BE2-52F7D54C299D}"
EndProject
Project("{FAE04EC0-301F-11D3-BF4B-00C04F79EFBC}") = "Robust.LoaderApi", "Robust.LoaderApi\Robust.LoaderApi\Robust.LoaderApi.csproj", "{8AE91631-DE96-4A97-A255-058E27A7C3EA}"
EndProject
Project("{FAE04EC0-301F-11D3-BF4B-00C04F79EFBC}") = "Nebula.Shared", "Nebula.Shared\Nebula.Shared.csproj", "{47519EA2-03C0-49D8-86CA-418F6B7267A4}"
EndProject
Project("{FAE04EC0-301F-11D3-BF4B-00C04F79EFBC}") = "Nebula.Runner", "Nebula.Runner\Nebula.Runner.csproj", "{82D96367-44B0-4F25-A094-CBE73B052B73}"
EndProject
Global
	GlobalSection(SolutionConfigurationPlatforms) = preSolution
		Debug|Any CPU = Debug|Any CPU
		Release|Any CPU = Release|Any CPU
	EndGlobalSection
	GlobalSection(ProjectConfigurationPlatforms) = postSolution
		{D8F9728D-6153-4351-8BE2-52F7D54C299D}.Debug|Any CPU.ActiveCfg = Debug|Any CPU
		{D8F9728D-6153-4351-8BE2-52F7D54C299D}.Debug|Any CPU.Build.0 = Debug|Any CPU
		{D8F9728D-6153-4351-8BE2-52F7D54C299D}.Release|Any CPU.ActiveCfg = Release|Any CPU
		{D8F9728D-6153-4351-8BE2-52F7D54C299D}.Release|Any CPU.Build.0 = Release|Any CPU
		{8AE91631-DE96-4A97-A255-058E27A7C3EA}.Debug|Any CPU.ActiveCfg = Debug|Any CPU
		{8AE91631-DE96-4A97-A255-058E27A7C3EA}.Debug|Any CPU.Build.0 = Debug|Any CPU
		{8AE91631-DE96-4A97-A255-058E27A7C3EA}.Release|Any CPU.ActiveCfg = Release|Any CPU
		{8AE91631-DE96-4A97-A255-058E27A7C3EA}.Release|Any CPU.Build.0 = Release|Any CPU
		{47519EA2-03C0-49D8-86CA-418F6B7267A4}.Debug|Any CPU.ActiveCfg = Debug|Any CPU
		{47519EA2-03C0-49D8-86CA-418F6B7267A4}.Debug|Any CPU.Build.0 = Debug|Any CPU
		{47519EA2-03C0-49D8-86CA-418F6B7267A4}.Release|Any CPU.ActiveCfg = Release|Any CPU
		{47519EA2-03C0-49D8-86CA-418F6B7267A4}.Release|Any CPU.Build.0 = Release|Any CPU
		{82D96367-44B0-4F25-A094-CBE73B052B73}.Debug|Any CPU.ActiveCfg = Debug|Any CPU
		{82D96367-44B0-4F25-A094-CBE73B052B73}.Debug|Any CPU.Build.0 = Debug|Any CPU
		{82D96367-44B0-4F25-A094-CBE73B052B73}.Release|Any CPU.ActiveCfg = Release|Any CPU
		{82D96367-44B0-4F25-A094-CBE73B052B73}.Release|Any CPU.Build.0 = Release|Any CPU
	EndGlobalSection
EndGlobal
